// !$*UTF8*$!
{
	archiveVersion = 1;
	classes = {
	};
	objectVersion = 46;
	objects = {

/* Begin PBXBuildFile section */
		1F7DB4E51B1615D8007C56E1 /* main.m in Sources */ = {isa = PBXBuildFile; fileRef = 1F7DB4E41B1615D8007C56E1 /* main.m */; };
		1F7DB4E81B1615D8007C56E1 /* AppDelegate.m in Sources */ = {isa = PBXBuildFile; fileRef = 1F7DB4E71B1615D8007C56E1 /* AppDelegate.m */; };
		1F7DB4EB1B1615D8007C56E1 /* ViewController.m in Sources */ = {isa = PBXBuildFile; fileRef = 1F7DB4EA1B1615D8007C56E1 /* ViewController.m */; };
		1F7DB4EE1B1615D8007C56E1 /* Main.storyboard in Resources */ = {isa = PBXBuildFile; fileRef = 1F7DB4EC1B1615D8007C56E1 /* Main.storyboard */; };
		1F7DB4F01B1615D8007C56E1 /* Images.xcassets in Resources */ = {isa = PBXBuildFile; fileRef = 1F7DB4EF1B1615D8007C56E1 /* Images.xcassets */; };
		1F7DB4F31B1615D8007C56E1 /* LaunchScreen.xib in Resources */ = {isa = PBXBuildFile; fileRef = 1F7DB4F11B1615D8007C56E1 /* LaunchScreen.xib */; };
		1F7DB4FF1B1615D8007C56E1 /* ZYJDrawTests.m in Sources */ = {isa = PBXBuildFile; fileRef = 1F7DB4FE1B1615D8007C56E1 /* ZYJDrawTests.m */; };
		1F7DB50A1B162826007C56E1 /* ZYJView.m in Sources */ = {isa = PBXBuildFile; fileRef = 1F7DB5091B162826007C56E1 /* ZYJView.m */; };
		9A396E001B3CE3B1007BED13 /* UIImage+ZYJ.m in Sources */ = {isa = PBXBuildFile; fileRef = 9A396DFF1B3CE3B1007BED13 /* UIImage+ZYJ.m */; };
		9A396E021B3CE4FB007BED13 /* colorWheel.png in Resources */ = {isa = PBXBuildFile; fileRef = 9A396E011B3CE4FB007BED13 /* colorWheel.png */; };
		9A396E061B3CF6D7007BED13 /* utily.m in Sources */ = {isa = PBXBuildFile; fileRef = 9A396E051B3CF6D7007BED13 /* utily.m */; };
/* End PBXBuildFile section */

/* Begin PBXContainerItemProxy section */
		1F7DB4F91B1615D8007C56E1 /* PBXContainerItemProxy */ = {
			isa = PBXContainerItemProxy;
			containerPortal = 1F7DB4D71B1615D8007C56E1 /* Project object */;
			proxyType = 1;
			remoteGlobalIDString = 1F7DB4DE1B1615D8007C56E1;
			remoteInfo = ZYJDraw;
		};
/* End PBXContainerItemProxy section */

/* Begin PBXFileReference section */
		1F7DB4DF1B1615D8007C56E1 /* ZYJDraw.app */ = {isa = PBXFileReference; explicitFileType = wrapper.application; includeInIndex = 0; path = ZYJDraw.app; sourceTree = BUILT_PRODUCTS_DIR; };
		1F7DB4E31B1615D8007C56E1 /* Info.plist */ = {isa = PBXFileReference; lastKnownFileType = text.plist.xml; path = Info.plist; sourceTree = "<group>"; };
		1F7DB4E41B1615D8007C56E1 /* main.m */ = {isa = PBXFileReference; lastKnownFileType = sourcecode.c.objc; path = main.m; sourceTree = "<group>"; };
		1F7DB4E61B1615D8007C56E1 /* AppDelegate.h */ = {isa = PBXFileReference; lastKnownFileType = sourcecode.c.h; path = AppDelegate.h; sourceTree = "<group>"; };
		1F7DB4E71B1615D8007C56E1 /* AppDelegate.m */ = {isa = PBXFileReference; lastKnownFileType = sourcecode.c.objc; path = AppDelegate.m; sourceTree = "<group>"; };
		1F7DB4E91B1615D8007C56E1 /* ViewController.h */ = {isa = PBXFileReference; lastKnownFileType = sourcecode.c.h; path = ViewController.h; sourceTree = "<group>"; };
		1F7DB4EA1B1615D8007C56E1 /* ViewController.m */ = {isa = PBXFileReference; lastKnownFileType = sourcecode.c.objc; path = ViewController.m; sourceTree = "<group>"; };
		1F7DB4ED1B1615D8007C56E1 /* Base */ = {isa = PBXFileReference; lastKnownFileType = file.storyboard; name = Base; path = Base.lproj/Main.storyboard; sourceTree = "<group>"; };
		1F7DB4EF1B1615D8007C56E1 /* Images.xcassets */ = {isa = PBXFileReference; lastKnownFileType = folder.assetcatalog; path = Images.xcassets; sourceTree = "<group>"; };
		1F7DB4F21B1615D8007C56E1 /* Base */ = {isa = PBXFileReference; lastKnownFileType = file.xib; name = Base; path = Base.lproj/LaunchScreen.xib; sourceTree = "<group>"; };
		1F7DB4F81B1615D8007C56E1 /* ZYJDrawTests.xctest */ = {isa = PBXFileReference; explicitFileType = wrapper.cfbundle; includeInIndex = 0; path = ZYJDrawTests.xctest; sourceTree = BUILT_PRODUCTS_DIR; };
		1F7DB4FD1B1615D8007C56E1 /* Info.plist */ = {isa = PBXFileReference; lastKnownFileType = text.plist.xml; path = Info.plist; sourceTree = "<group>"; };
		1F7DB4FE1B1615D8007C56E1 /* ZYJDrawTests.m */ = {isa = PBXFileReference; lastKnownFileType = sourcecode.c.objc; path = ZYJDrawTests.m; sourceTree = "<group>"; };
		1F7DB5081B162826007C56E1 /* ZYJView.h */ = {isa = PBXFileReference; fileEncoding = 4; lastKnownFileType = sourcecode.c.h; path = ZYJView.h; sourceTree = "<group>"; };
		1F7DB5091B162826007C56E1 /* ZYJView.m */ = {isa = PBXFileReference; fileEncoding = 4; lastKnownFileType = sourcecode.c.objc; path = ZYJView.m; sourceTree = "<group>"; };
		9A396DFE1B3CE3B1007BED13 /* UIImage+ZYJ.h */ = {isa = PBXFileReference; fileEncoding = 4; lastKnownFileType = sourcecode.c.h; path = "UIImage+ZYJ.h"; sourceTree = "<group>"; };
		9A396DFF1B3CE3B1007BED13 /* UIImage+ZYJ.m */ = {isa = PBXFileReference; fileEncoding = 4; lastKnownFileType = sourcecode.c.objc; path = "UIImage+ZYJ.m"; sourceTree = "<group>"; };
		9A396E011B3CE4FB007BED13 /* colorWheel.png */ = {isa = PBXFileReference; lastKnownFileType = image.png; path = colorWheel.png; sourceTree = "<group>"; };
		9A396E041B3CF6D7007BED13 /* utily.h */ = {isa = PBXFileReference; fileEncoding = 4; lastKnownFileType = sourcecode.c.h; path = utily.h; sourceTree = "<group>"; };
		9A396E051B3CF6D7007BED13 /* utily.m */ = {isa = PBXFileReference; fileEncoding = 4; lastKnownFileType = sourcecode.c.objc; path = utily.m; sourceTree = "<group>"; };
/* End PBXFileReference section */

/* Begin PBXFrameworksBuildPhase section */
		1F7DB4DC1B1615D8007C56E1 /* Frameworks */ = {
			isa = PBXFrameworksBuildPhase;
			buildActionMask = 2147483647;
			files = (
			);
			runOnlyForDeploymentPostprocessing = 0;
		};
		1F7DB4F51B1615D8007C56E1 /* Frameworks */ = {
			isa = PBXFrameworksBuildPhase;
			buildActionMask = 2147483647;
			files = (
			);
			runOnlyForDeploymentPostprocessing = 0;
		};
/* End PBXFrameworksBuildPhase section */

/* Begin PBXGroup section */
		1F7DB4D61B1615D8007C56E1 = {
			isa = PBXGroup;
			children = (
				1F7DB4E11B1615D8007C56E1 /* ZYJDraw */,
				1F7DB4FB1B1615D8007C56E1 /* ZYJDrawTests */,
				1F7DB4E01B1615D8007C56E1 /* Products */,
			);
			sourceTree = "<group>";
		};
		1F7DB4E01B1615D8007C56E1 /* Products */ = {
			isa = PBXGroup;
			children = (
				1F7DB4DF1B1615D8007C56E1 /* ZYJDraw.app */,
				1F7DB4F81B1615D8007C56E1 /* ZYJDrawTests.xctest */,
			);
			name = Products;
			sourceTree = "<group>";
		};
		1F7DB4E11B1615D8007C56E1 /* ZYJDraw */ = {
			isa = PBXGroup;
			children = (
				1F7DB4E61B1615D8007C56E1 /* AppDelegate.h */,
				1F7DB4E71B1615D8007C56E1 /* AppDelegate.m */,
				1F7DB4E91B1615D8007C56E1 /* ViewController.h */,
				1F7DB4EA1B1615D8007C56E1 /* ViewController.m */,
				1F7DB4EC1B1615D8007C56E1 /* Main.storyboard */,
				1F7DB4EF1B1615D8007C56E1 /* Images.xcassets */,
				1F7DB4F11B1615D8007C56E1 /* LaunchScreen.xib */,
				1F7DB4E21B1615D8007C56E1 /* Supporting Files */,
				1F7DB5081B162826007C56E1 /* ZYJView.h */,
				1F7DB5091B162826007C56E1 /* ZYJView.m */,
				9A396DFE1B3CE3B1007BED13 /* UIImage+ZYJ.h */,
				9A396DFF1B3CE3B1007BED13 /* UIImage+ZYJ.m */,
			);
			path = ZYJDraw;
			sourceTree = "<group>";
		};
		1F7DB4E21B1615D8007C56E1 /* Supporting Files */ = {
			isa = PBXGroup;
			children = (
				9A396E011B3CE4FB007BED13 /* colorWheel.png */,
				1F7DB4E31B1615D8007C56E1 /* Info.plist */,
				1F7DB4E41B1615D8007C56E1 /* main.m */,
				9A396E041B3CF6D7007BED13 /* utily.h */,
				9A396E051B3CF6D7007BED13 /* utily.m */,
			);
			name = "Supporting Files";
			sourceTree = "<group>";
		};
		1F7DB4FB1B1615D8007C56E1 /* ZYJDrawTests */ = {
			isa = PBXGroup;
			children = (
				1F7DB4FE1B1615D8007C56E1 /* ZYJDrawTests.m */,
				1F7DB4FC1B1615D8007C56E1 /* Supporting Files */,
			);
			path = ZYJDrawTests;
			sourceTree = "<group>";
		};
		1F7DB4FC1B1615D8007C56E1 /* Supporting Files */ = {
			isa = PBXGroup;
			children = (
				1F7DB4FD1B1615D8007C56E1 /* Info.plist */,
			);
			name = "Supporting Files";
			sourceTree = "<group>";
		};
/* End PBXGroup section */

/* Begin PBXNativeTarget section */
		1F7DB4DE1B1615D8007C56E1 /* ZYJDraw */ = {
			isa = PBXNativeTarget;
			buildConfigurationList = 1F7DB5021B1615D8007C56E1 /* Build configuration list for PBXNativeTarget "ZYJDraw" */;
			buildPhases = (
				1F7DB4DB1B1615D8007C56E1 /* Sources */,
				1F7DB4DC1B1615D8007C56E1 /* Frameworks */,
				1F7DB4DD1B1615D8007C56E1 /* Resources */,
			);
			buildRules = (
			);
			dependencies = (
			);
			name = ZYJDraw;
			productName = ZYJDraw;
			productReference = 1F7DB4DF1B1615D8007C56E1 /* ZYJDraw.app */;
			productType = "com.apple.product-type.application";
		};
		1F7DB4F71B1615D8007C56E1 /* ZYJDrawTests */ = {
			isa = PBXNativeTarget;
			buildConfigurationList = 1F7DB5051B1615D8007C56E1 /* Build configuration list for PBXNativeTarget "ZYJDrawTests" */;
			buildPhases = (
				1F7DB4F41B1615D8007C56E1 /* Sources */,
				1F7DB4F51B1615D8007C56E1 /* Frameworks */,
				1F7DB4F61B1615D8007C56E1 /* Resources */,
			);
			buildRules = (
			);
			dependencies = (
				1F7DB4FA1B1615D8007C56E1 /* PBXTargetDependency */,
			);
			name = ZYJDrawTests;
			productName = ZYJDrawTests;
			productReference = 1F7DB4F81B1615D8007C56E1 /* ZYJDrawTests.xctest */;
			productType = "com.apple.product-type.bundle.unit-test";
		};
/* End PBXNativeTarget section */

/* Begin PBXProject section */
		1F7DB4D71B1615D8007C56E1 /* Project object */ = {
			isa = PBXProject;
			attributes = {
				LastUpgradeCheck = 0630;
				ORGANIZATIONNAME = zhang;
				TargetAttributes = {
					1F7DB4DE1B1615D8007C56E1 = {
						CreatedOnToolsVersion = 6.3.1;
					};
					1F7DB4F71B1615D8007C56E1 = {
						CreatedOnToolsVersion = 6.3.1;
						TestTargetID = 1F7DB4DE1B1615D8007C56E1;
					};
				};
			};
			buildConfigurationList = 1F7DB4DA1B1615D8007C56E1 /* Build configuration list for PBXProject "ZYJDraw" */;
			compatibilityVersion = "Xcode 3.2";
			developmentRegion = English;
			hasScannedForEncodings = 0;
			knownRegions = (
				en,
				Base,
			);
			mainGroup = 1F7DB4D61B1615D8007C56E1;
			productRefGroup = 1F7DB4E01B1615D8007C56E1 /* Products */;
			projectDirPath = "";
			projectRoot = "";
			targets = (
				1F7DB4DE1B1615D8007C56E1 /* ZYJDraw */,
				1F7DB4F71B1615D8007C56E1 /* ZYJDrawTests */,
			);
		};
/* End PBXProject section */

/* Begin PBXResourcesBuildPhase section */
		1F7DB4DD1B1615D8007C56E1 /* Resources */ = {
			isa = PBXResourcesBuildPhase;
			buildActionMask = 2147483647;
			files = (
				1F7DB4EE1B1615D8007C56E1 /* Main.storyboard in Resources */,
				9A396E021B3CE4FB007BED13 /* colorWheel.png in Resources */,
				1F7DB4F31B1615D8007C56E1 /* LaunchScreen.xib in Resources */,
				1F7DB4F01B1615D8007C56E1 /* Images.xcassets in Resources */,
			);
			runOnlyForDeploymentPostprocessing = 0;
		};
		1F7DB4F61B1615D8007C56E1 /* Resources */ = {
			isa = PBXResourcesBuildPhase;
			buildActionMask = 2147483647;
			files = (
			);
			runOnlyForDeploymentPostprocessing = 0;
		};
/* End PBXResourcesBuildPhase section */

/* Begin PBXSourcesBuildPhase section */
		1F7DB4DB1B1615D8007C56E1 /* Sources */ = {
			isa = PBXSourcesBuildPhase;
			buildActionMask = 2147483647;
			files = (
				1F7DB50A1B162826007C56E1 /* ZYJView.m in Sources */,
				1F7DB4EB1B1615D8007C56E1 /* ViewController.m in Sources */,
				9A396E001B3CE3B1007BED13 /* UIImage+ZYJ.m in Sources */,
				9A396E061B3CF6D7007BED13 /* utily.m in Sources */,
				1F7DB4E81B1615D8007C56E1 /* AppDelegate.m in Sources */,
				1F7DB4E51B1615D8007C56E1 /* main.m in Sources */,
			);
			runOnlyForDeploymentPostprocessing = 0;
		};
		1F7DB4F41B1615D8007C56E1 /* Sources */ = {
			isa = PBXSourcesBuildPhase;
			buildActionMask = 2147483647;
			files = (
				1F7DB4FF1B1615D8007C56E1 /* ZYJDrawTests.m in Sources */,
			);
			runOnlyForDeploymentPostprocessing = 0;
		};
/* End PBXSourcesBuildPhase section */

/* Begin PBXTargetDependency section */
		1F7DB4FA1B1615D8007C56E1 /* PBXTargetDependency */ = {
			isa = PBXTargetDependency;
			target = 1F7DB4DE1B1615D8007C56E1 /* ZYJDraw */;
			targetProxy = 1F7DB4F91B1615D8007C56E1 /* PBXContainerItemProxy */;
		};
/* End PBXTargetDependency section */

/* Begin PBXVariantGroup section */
		1F7DB4EC1B1615D8007C56E1 /* Main.storyboard */ = {
			isa = PBXVariantGroup;
			children = (
				1F7DB4ED1B1615D8007C56E1 /* Base */,
			);
			name = Main.storyboard;
			sourceTree = "<group>";
		};
		1F7DB4F11B1615D8007C56E1 /* LaunchScreen.xib */ = {
			isa = PBXVariantGroup;
			children = (
				1F7DB4F21B1615D8007C56E1 /* Base */,
			);
			name = LaunchScreen.xib;
			sourceTree = "<group>";
		};
/* End PBXVariantGroup section */

/* Begin XCBuildConfiguration section */
		1F7DB5001B1615D8007C56E1 /* Debug */ = {
			isa = XCBuildConfiguration;
			buildSettings = {
				ALWAYS_SEARCH_USER_PATHS = NO;
				CLANG_CXX_LANGUAGE_STANDARD = "gnu++0x";
				CLANG_CXX_LIBRARY = "libc++";
				CLANG_ENABLE_MODULES = YES;
				CLANG_ENABLE_OBJC_ARC = YES;
				CLANG_WARN_BOOL_CONVERSION = YES;
				CLANG_WARN_CONSTANT_CONVERSION = YES;
				CLANG_WARN_DIRECT_OBJC_ISA_USAGE = YES_ERROR;
				CLANG_WARN_EMPTY_BODY = YES;
				CLANG_WARN_ENUM_CONVERSION = YES;
				CLANG_WARN_INT_CONVERSION = YES;
				CLANG_WARN_OBJC_ROOT_CLASS = YES_ERROR;
				CLANG_WARN_UNREACHABLE_CODE = YES;
				CLANG_WARN__DUPLICATE_METHOD_MATCH = YES;
				"CODE_SIGN_IDENTITY[sdk=iphoneos*]" = "iPhone Developer";
				COPY_PHASE_STRIP = NO;
				DEBUG_INFORMATION_FORMAT = "dwarf-with-dsym";
				ENABLE_STRICT_OBJC_MSGSEND = YES;
				GCC_C_LANGUAGE_STANDARD = gnu99;
				GCC_DYNAMIC_NO_PIC = NO;
				GCC_NO_COMMON_BLOCKS = YES;
				GCC_OPTIMIZATION_LEVEL = 0;
				GCC_PREFIX_HEADER = "";
				GCC_PREPROCESSOR_DEFINITIONS = (
					"DEBUG=1",
					"$(inherited)",
				);
				GCC_SYMBOLS_PRIVATE_EXTERN = NO;
				GCC_WARN_64_TO_32_BIT_CONVERSION = YES;
				GCC_WARN_ABOUT_RETURN_TYPE = YES_ERROR;
				GCC_WARN_UNDECLARED_SELECTOR = YES;
				GCC_WARN_UNINITIALIZED_AUTOS = YES_AGGRESSIVE;
				GCC_WARN_UNUSED_FUNCTION = YES;
				GCC_WARN_UNUSED_VARIABLE = YES;
				IPHONEOS_DEPLOYMENT_TARGET = 8.3;
				MTL_ENABLE_DEBUG_INFO = YES;
				ONLY_ACTIVE_ARCH = YES;
				SDKROOT = iphoneos;
				TARGETED_DEVICE_FAMILY = "1,2";
			};
			name = Debug;
		};
		1F7DB5011B1615D8007C56E1 /* Release */ = {
			isa = XCBuildConfiguration;
			buildSettings = {
				ALWAYS_SEARCH_USER_PATHS = NO;
				CLANG_CXX_LANGUAGE_STANDARD = "gnu++0x";
				CLANG_CXX_LIBRARY = "libc++";
				CLANG_ENABLE_MODULES = YES;
				CLANG_ENABLE_OBJC_ARC = YES;
				CLANG_WARN_BOOL_CONVERSION = YES;
				CLANG_WARN_CONSTANT_CONVERSION = YES;
				CLANG_WARN_DIRECT_OBJC_ISA_USAGE = YES_ERROR;
				CLANG_WARN_EMPTY_BODY = YES;
				CLANG_WARN_ENUM_CONVERSION = YES;
				CLANG_WARN_INT_CONVERSION = YES;
				CLANG_WARN_OBJC_ROOT_CLASS = YES_ERROR;
				CLANG_WARN_UNREACHABLE_CODE = YES;
				CLANG_WARN__DUPLICATE_METHOD_MATCH = YES;
				"CODE_SIGN_IDENTITY[sdk=iphoneos*]" = "iPhone Developer";
				COPY_PHASE_STRIP = NO;
				DEBUG_INFORMATION_FORMAT = "dwarf-with-dsym";
				ENABLE_NS_ASSERTIONS = NO;
				ENABLE_STRICT_OBJC_MSGSEND = YES;
				GCC_C_LANGUAGE_STANDARD = gnu99;
				GCC_NO_COMMON_BLOCKS = YES;
				GCC_PREFIX_HEADER = "";
				GCC_WARN_64_TO_32_BIT_CONVERSION = YES;
				GCC_WARN_ABOUT_RETURN_TYPE = YES_ERROR;
				GCC_WARN_UNDECLARED_SELECTOR = YES;
				GCC_WARN_UNINITIALIZED_AUTOS = YES_AGGRESSIVE;
				GCC_WARN_UNUSED_FUNCTION = YES;
				GCC_WARN_UNUSED_VARIABLE = YES;
				IPHONEOS_DEPLOYMENT_TARGET = 8.3;
				MTL_ENABLE_DEBUG_INFO = NO;
				SDKROOT = iphoneos;
				TARGETED_DEVICE_FAMILY = "1,2";
				VALIDATE_PRODUCT = YES;
			};
			name = Release;
		};
		1F7DB5031B1615D8007C56E1 /* Debug */ = {
			isa = XCBuildConfiguration;
			buildSettings = {
				ASSETCATALOG_COMPILER_APPICON_NAME = AppIcon;
				GCC_PREFIX_HEADER = "";
				INFOPLIST_FILE = ZYJDraw/Info.plist;
				IPHONEOS_DEPLOYMENT_TARGET = 7.0;
				LD_RUNPATH_SEARCH_PATHS = "$(inherited) @executable_path/Frameworks";
				PRODUCT_NAME = "$(TARGET_NAME)";
				PROVISIONING_PROFILE = "8616c65b-1546-4dff-86dc-27e26af6f08a";
			};
			name = Debug;
		};
		1F7DB5041B1615D8007C56E1 /* Release */ = {
			isa = XCBuildConfiguration;
			buildSettings = {
				ASSETCATALOG_COMPILER_APPICON_NAME = AppIcon;
				GCC_PREFIX_HEADER = "";
				INFOPLIST_FILE = ZYJDraw/Info.plist;
				IPHONEOS_DEPLOYMENT_TARGET = 7.0;
				LD_RUNPATH_SEARCH_PATHS = "$(inherited) @executable_path/Frameworks";
				PRODUCT_NAME = "$(TARGET_NAME)";
				PROVISIONING_PROFILE = "8616c65b-1546-4dff-86dc-27e26af6f08a";
			};
			name = Release;
		};
		1F7DB5061B1615D8007C56E1 /* Debug */ = {
			isa = XCBuildConfiguration;
			buildSettings = {
				BUNDLE_LOADER = "$(TEST_HOST)";
				FRAMEWORK_SEARCH_PATHS = (
					"$(SDKROOT)/Developer/Library/Frameworks",
					"$(inherited)",
				);
				GCC_PREPROCESSOR_DEFINITIONS = (
					"DEBUG=1",
					"$(inherited)",
				);
				INFOPLIST_FILE = ZYJDrawTests/Info.plist;
				LD_RUNPATH_SEARCH_PATHS = "$(inherited) @executable_path/Frameworks @loader_path/Frameworks";
				PRODUCT_NAME = "$(TARGET_NAME)";
				TEST_HOST = "$(BUILT_PRODUCTS_DIR)/ZYJDraw.app/ZYJDraw";
			};
			name = Debug;
		};
		1F7DB5071B1615D8007C56E1 /* Release */ = {
			isa = XCBuildConfiguration;
			buildSettings = {
				BUNDLE_LOADER = "$(TEST_HOST)";
				FRAMEWORK_SEARCH_PATHS = (
					"$(SDKROOT)/Developer/Library/Frameworks",
					"$(inherited)",
				);
				INFOPLIST_FILE = ZYJDrawTests/Info.plist;
				LD_RUNPATH_SEARCH_PATHS = "$(inherited) @executable_path/Frameworks @loader_path/Frameworks";
				PRODUCT_NAME = "$(TARGET_NAME)";
				TEST_HOST = "$(BUILT_PRODUCTS_DIR)/ZYJDraw.app/ZYJDraw";
			};
			name = Release;
		};
/* End XCBuildConfiguration section */

/* Begin XCConfigurationList section */
		1F7DB4DA1B1615D8007C56E1 /* Build configuration list for PBXProject "ZYJDraw" */ = {
			isa = XCConfigurationList;
			buildConfigurations = (
				1F7DB5001B1615D8007C56E1 /* Debug */,
				1F7DB5011B1615D8007C56E1 /* Release */,
			);
			defaultConfigurationIsVisible = 0;
			defaultConfigurationName = Release;
		};
		1F7DB5021B1615D8007C56E1 /* Build configuration list for PBXNativeTarget "ZYJDraw" */ = {
			isa = XCConfigurationList;
			buildConfigurations = (
				1F7DB5031B1615D8007C56E1 /* Debug */,
				1F7DB5041B1615D8007C56E1 /* Release */,
			);
			defaultConfigurationIsVisible = 0;
			defaultConfigurationName = Release;
		};
		1F7DB5051B1615D8007C56E1 /* Build configuration list for PBXNativeTarget "ZYJDrawTests" */ = {
			isa = XCConfigurationList;
			buildConfigurations = (
				1F7DB5061B1615D8007C56E1 /* Debug */,
				1F7DB5071B1615D8007C56E1 /* Release */,
			);
			defaultConfigurationIsVisible = 0;
			defaultConfigurationName = Release;
		};
/* End XCConfigurationList section */
	};
	rootObject = 1F7DB4D71B1615D8007C56E1 /* Project object */;
}
